{
    "_readme": [
        "This file locks the dependencies of your project to a known state",
        "Read more about it at https://getcomposer.org/doc/01-basic-usage.md#installing-dependencies",
        "This file is @generated automatically"
    ],
    "content-hash": "4b872f9d264eb4efb414f6880a9bc1ad",
    "packages": [
        {
            "name": "websyspro/common",
            "version": "dev-master",
            "source": {
                "type": "git",
                "url": "https://github.com/websyspro/common.git",
                "reference": "e0cee7d2d405ac5b18a19dad7d7b3f5f3f955094"
            },
            "dist": {
                "type": "zip",
                "url": "https://api.github.com/repos/websyspro/common/zipball/e0cee7d2d405ac5b18a19dad7d7b3f5f3f955094",
                "reference": "e0cee7d2d405ac5b18a19dad7d7b3f5f3f955094",
                "shasum": ""
            },
            "default-branch": true,
            "type": "library",
            "autoload": {
                "psr-4": {
                    "Websyspro\\Common\\": "src/"
                }
            },
            "notification-url": "https://packagist.org/downloads/",
            "authors": [
                {
                    "name": "websyspro",
                    "email": "cpd.emersontsa@gmail.com"
                }
            ],
            "description": "Feature Set",
            "support": {
                "issues": "https://github.com/websyspro/common/issues",
                "source": "https://github.com/websyspro/common/tree/master"
            },
            "time": "2024-08-30T00:30:58+00:00"
        }
    ],
    "packages-dev": [],
    "aliases": [],
    "minimum-stability": "stable",
    "stability-flags": {
        "websyspro/common": 20
    },
    "prefer-stable": false,
    "prefer-lowest": false,
    "platform": [],
    "platform-dev": [],
    "plugin-api-version": "2.6.0"
}
